<?xml version="1.0" encoding="utf-8"?>
<Project ToolsVersion="4.0" xmlns="http://schemas.microsoft.com/developer/msbuild/2003">
  <ItemGroup>
    <ClCompile Include="src\TXBase\GUI\Drawing.cpp" />
    <ClCompile Include="src\TXBase\GUI\FontMap.cpp" />
    <ClCompile Include="src\TXBase\GUI\GUI.cpp" />
    <ClCompile Include="src\TXBase\Image\Film.cpp" />
    <ClCompile Include="src\TXBase\Image\Image.cpp" />
    <ClCompile Include="src\TXBase\Libs\tiny_obj_loader.cpp" />
    <ClCompile Include="src\TXBase\Math\Color.cpp" />
    <ClCompile Include="src\TXBase\Math\Geometry.cpp" />
    <ClCompile Include="src\TXBase\Math\Matrix.cpp" />
    <ClCompile Include="src\TXBase\Math\Quaternion.cpp" />
    <ClCompile Include="src\TXBase\Math\Ray.cpp" />
    <ClCompile Include="src\TXBase\Math\Sample.cpp" />
    <ClCompile Include="src\TXBase\Math\Transform.cpp" />
    <ClCompile Include="src\TXBase\Misc\RandomData.cpp" />
    <ClCompile Include="src\TXBase\OpenGL\Application.cpp" />
    <ClCompile Include="src\TXBase\OpenGL\GLUtils.cpp" />
    <ClCompile Include="src\TXBase\Scene\Camera.cpp" />
    <ClCompile Include="src\TXBase\Shader\Phong\Phong.cpp" />
    <ClCompile Include="src\TXBase\Shader\ShaderProgram.cpp" />
    <ClCompile Include="src\TXBase\Shape\Mesh.cpp" />
    <ClCompile Include="src\TXBase\Shape\Obj.cpp" />
    <ClCompile Include="src\TXBase\SSE\Float.cpp" />
    <ClCompile Include="src\TXBase\SSE\Int.cpp" />
    <ClCompile Include="src\TXBase\System\Thread.cpp" />
    <ClCompile Include="src\TXBase\System\Tools.cpp" />
    <ClCompile Include="src\TXBase\stdafx.cpp" />
  </ItemGroup>
  <ItemGroup>
    <ClInclude Include="src\TXBase\GUI\Font\DroidSans.h" />
    <ClInclude Include="src\TXBase\GUI\Drawing.h" />
    <ClInclude Include="src\TXBase\GUI\FontMap.h" />
    <ClInclude Include="src\TXBase\GUI\GUI.h" />
    <ClInclude Include="src\TXBase\Image\Film.h" />
    <ClInclude Include="src\TXBase\Image\Filter.h" />
    <ClInclude Include="src\TXBase\Image\Image.h" />
    <ClInclude Include="src\TXBase\Libs\sse_mathfun.h" />
    <ClInclude Include="src\TXBase\Libs\stb_image.h" />
    <ClInclude Include="src\TXBase\Libs\stb_image_write.h" />
    <ClInclude Include="src\TXBase\Libs\stb_truetype.h" />
    <ClInclude Include="src\TXBase\Libs\tiny_obj_loader.h" />
    <ClInclude Include="src\TXBase\Math\Base.h" />
    <ClInclude Include="src\TXBase\Math\BBox.h" />
    <ClInclude Include="src\TXBase\Math\Color.h" />
    <ClInclude Include="src\TXBase\Math\Geometry.h" />
    <ClInclude Include="src\TXBase\Math\Matrix.h" />
    <ClInclude Include="src\TXBase\Math\Quaternion.h" />
    <ClInclude Include="src\TXBase\Math\Random.h" />
    <ClInclude Include="src\TXBase\Math\Ray.h" />
    <ClInclude Include="src\TXBase\Math\Sample.h" />
    <ClInclude Include="src\TXBase\Math\Transform.h" />
    <ClInclude Include="src\TXBase\Math\Vector.h" />
    <ClInclude Include="src\TXBase\Misc\Const.h" />
    <ClInclude Include="src\TXBase\Misc\RandomData.h" />
    <ClInclude Include="src\TXBase\OpenGL\Application.h" />
    <ClInclude Include="src\TXBase\OpenGL\GLUtils.h" />
    <ClInclude Include="src\TXBase\OpenGL\Input.h" />
    <ClInclude Include="src\TXBase\Scene\Camera.h" />
    <ClInclude Include="src\TXBase\Scene\CameraController.h" />
    <ClInclude Include="src\TXBase\Shader\Base.h" />
    <ClInclude Include="src\TXBase\Shader\Phong.h" />
    <ClInclude Include="src\TXBase\Shape\Mesh.h" />
    <ClInclude Include="src\TXBase\Shape\Obj.h" />
    <ClInclude Include="src\TXBase\Shape\Shape.h" />
    <ClInclude Include="src\TXBase\SSE\Bool.h" />
    <ClInclude Include="src\TXBase\SSE\Float.h" />
    <ClInclude Include="src\TXBase\SSE\Int.h" />
    <ClInclude Include="src\TXBase\SSE\SSE.h" />
    <ClInclude Include="src\TXBase\System\Memory.h" />
    <ClInclude Include="src\TXBase\System\Thread.h" />
    <ClInclude Include="src\TXBase\System\Tools.h" />
    <ClInclude Include="src\TXBase\fwddecl.h" />
    <ClInclude Include="src\TXBase\stdafx.h" />
  </ItemGroup>
  <ItemGroup>
    <None Include="src\TXBase\Shader\Phong\Phong.fs.glsl" />
    <None Include="src\TXBase\Shader\Default.vs.glsl" />
    <None Include="src\TXBase\Shader\SingleColor.fs.glsl" />
  </ItemGroup>
</Project>