<?xml version="1.0" encoding="utf-8"?>
<Project ToolsVersion="4.0" xmlns="http://schemas.microsoft.com/developer/msbuild/2003">
  <ItemGroup>
    <ClCompile Include="Graphics\Color.cpp" />
    <ClCompile Include="Graphics\Drawing.cpp" />
    <ClCompile Include="Graphics\FontMap.cpp" />
    <ClCompile Include="Graphics\GLUtils.cpp" />
    <ClCompile Include="Graphics\GUI.cpp" />
    <ClCompile Include="Graphics\Image.cpp" />
    <ClCompile Include="Graphics\Obj.cpp" />
    <ClCompile Include="Graphics\BSDF.cpp" />
    <ClCompile Include="Graphics\Camera.cpp" />
    <ClCompile Include="Graphics\Film.cpp" />
    <ClCompile Include="Graphics\Intersection.cpp" />
    <ClCompile Include="Graphics\Light.cpp" />
    <ClCompile Include="Graphics\Primitive.cpp" />
    <ClCompile Include="Graphics\PrimitiveManager.cpp" />
    <ClCompile Include="Math\Ray.cpp" />
    <ClCompile Include="Libs\tiny_obj_loader.cpp" />
    <ClCompile Include="Math\Geometry.cpp" />
    <ClCompile Include="Math\Matrix.cpp" />
    <ClCompile Include="Misc\RandomData.cpp" />
    <ClCompile Include="Math\Sample.cpp" />
    <ClCompile Include="Graphics\Scene.cpp" />
    <ClCompile Include="Graphics\Shape.cpp" />
    <ClCompile Include="Graphics\Tracer.cpp" />
    <ClCompile Include="SSE\Bool.cpp" />
    <ClCompile Include="SSE\Float.cpp" />
    <ClCompile Include="SSE\Int.cpp" />
    <ClCompile Include="System\Application.cpp" />
    <ClCompile Include="System\Thread.cpp" />
    <ClCompile Include="System\Tools.cpp" />
    <ClCompile Include="UtilStdAfx.cpp" />
    <ClCompile Include="Math\Transform.cpp" />
    <ClCompile Include="Math\Quaternion.cpp" />
  </ItemGroup>
  <ItemGroup>
    <ClInclude Include="Graphics\Color.h" />
    <ClInclude Include="Graphics\Filter.h" />
    <ClInclude Include="Graphics\FontMap.h" />
    <ClInclude Include="Graphics\GLUtils.h" />
    <ClInclude Include="Graphics\GUI.h" />
    <ClInclude Include="Graphics\Image.h" />
    <ClInclude Include="Graphics\Drawing.h" />
    <ClInclude Include="Graphics\Obj.h" />
    <ClInclude Include="Graphics\BSDF.h" />
    <ClInclude Include="Graphics\Camera.h" />
    <ClInclude Include="Graphics\Film.h" />
    <ClInclude Include="Graphics\Intersection.h" />
    <ClInclude Include="Graphics\Light.h" />
    <ClInclude Include="Graphics\Primitive.h" />
    <ClInclude Include="Graphics\PrimitiveManager.h" />
    <ClInclude Include="Math\Ray.h" />
    <ClInclude Include="Libs\sse_mathfun.h" />
    <ClInclude Include="Libs\stb_image.h" />
    <ClInclude Include="Libs\stb_image_write.h" />
    <ClInclude Include="Libs\stb_truetype.h" />
    <ClInclude Include="Libs\tiny_obj_loader.h" />
    <ClInclude Include="Math\Matrix.h" />
    <ClInclude Include="Math\Geometry.h" />
    <ClInclude Include="Math\Random.h" />
    <ClInclude Include="Math\Vector.h" />
    <ClInclude Include="Misc\RandomData.h" />
    <ClInclude Include="Math\Sample.h" />
    <ClInclude Include="Math\Sampler.h" />
    <ClInclude Include="Graphics\Scene.h" />
    <ClInclude Include="Graphics\SceneObject.h" />
    <ClInclude Include="Graphics\Shape.h" />
    <ClInclude Include="Graphics\Tracer.h" />
    <ClInclude Include="SSE\Bool.h" />
    <ClInclude Include="SSE\Float.h" />
    <ClInclude Include="SSE\Int.h" />
    <ClInclude Include="System\Application.h" />
    <ClInclude Include="System\Input.h" />
    <ClInclude Include="System\Memory.h" />
    <ClInclude Include="System\Thread.h" />
    <ClInclude Include="System\Tools.h" />
    <ClInclude Include="Util.h" />
    <ClInclude Include="UtilStdAfx.h" />
    <ClInclude Include="Math\Transform.h" />
    <ClInclude Include="Math\Base.h" />
    <ClInclude Include="Math\Quaternion.h" />
    <ClInclude Include="Graphics\CameraController.h" />
  </ItemGroup>
</Project>